// !$*UTF8*$!
{
	archiveVersion = 1;
	classes = {
	};
	objectVersion = 46;
	objects = {

/* Begin PBXBuildFile section */
		397AF80B1A021D36004F904A /* main.m in Sources */ = {isa = PBXBuildFile; fileRef = 397AF80A1A021D36004F904A /* main.m */; };
		397AF80E1A021D36004F904A /* AppDelegate.m in Sources */ = {isa = PBXBuildFile; fileRef = 397AF80D1A021D36004F904A /* AppDelegate.m */; };
		397AF8111A021D36004F904A /* ViewController.m in Sources */ = {isa = PBXBuildFile; fileRef = 397AF8101A021D36004F904A /* ViewController.m */; };
		397AF8141A021D36004F904A /* Main.storyboard in Resources */ = {isa = PBXBuildFile; fileRef = 397AF8121A021D36004F904A /* Main.storyboard */; };
		397AF8161A021D36004F904A /* Images.xcassets in Resources */ = {isa = PBXBuildFile; fileRef = 397AF8151A021D36004F904A /* Images.xcassets */; };
		397AF8191A021D36004F904A /* LaunchScreen.xib in Resources */ = {isa = PBXBuildFile; fileRef = 397AF8171A021D36004F904A /* LaunchScreen.xib */; };
		397AF8251A021D36004F904A /* LookHereTests.m in Sources */ = {isa = PBXBuildFile; fileRef = 397AF8241A021D36004F904A /* LookHereTests.m */; };
/* End PBXBuildFile section */

/* Begin PBXContainerItemProxy section */
		397AF81F1A021D36004F904A /* PBXContainerItemProxy */ = {
			isa = PBXContainerItemProxy;
			containerPortal = 397AF7FD1A021D36004F904A /* Project object */;
			proxyType = 1;
			remoteGlobalIDString = 397AF8041A021D36004F904A;
			remoteInfo = LookHere;
		};
/* End PBXContainerItemProxy section */

/* Begin PBXFileReference section */
		397AF8051A021D36004F904A /* LookHere.app */ = {isa = PBXFileReference; explicitFileType = wrapper.application; includeInIndex = 0; path = LookHere.app; sourceTree = BUILT_PRODUCTS_DIR; };
		397AF8091A021D36004F904A /* Info.plist */ = {isa = PBXFileReference; lastKnownFileType = text.plist.xml; path = Info.plist; sourceTree = "<group>"; };
		397AF80A1A021D36004F904A /* main.m */ = {isa = PBXFileReference; lastKnownFileType = sourcecode.c.objc; path = main.m; sourceTree = "<group>"; };
		397AF80C1A021D36004F904A /* AppDelegate.h */ = {isa = PBXFileReference; lastKnownFileType = sourcecode.c.h; path = AppDelegate.h; sourceTree = "<group>"; };
		397AF80D1A021D36004F904A /* AppDelegate.m */ = {isa = PBXFileReference; lastKnownFileType = sourcecode.c.objc; path = AppDelegate.m; sourceTree = "<group>"; };
		397AF80F1A021D36004F904A /* ViewController.h */ = {isa = PBXFileReference; lastKnownFileType = sourcecode.c.h; path = ViewController.h; sourceTree = "<group>"; };
		397AF8101A021D36004F904A /* ViewController.m */ = {isa = PBXFileReference; lastKnownFileType = sourcecode.c.objc; path = ViewController.m; sourceTree = "<group>"; };
		397AF8131A021D36004F904A /* Base */ = {isa = PBXFileReference; lastKnownFileType = file.storyboard; name = Base; path = Base.lproj/Main.storyboard; sourceTree = "<group>"; };
		397AF8151A021D36004F904A /* Images.xcassets */ = {isa = PBXFileReference; lastKnownFileType = folder.assetcatalog; path = Images.xcassets; sourceTree = "<group>"; };
		397AF8181A021D36004F904A /* Base */ = {isa = PBXFileReference; lastKnownFileType = file.xib; name = Base; path = Base.lproj/LaunchScreen.xib; sourceTree = "<group>"; };
		397AF81E1A021D36004F904A /* LookHereTests.xctest */ = {isa = PBXFileReference; explicitFileType = wrapper.cfbundle; includeInIndex = 0; path = LookHereTests.xctest; sourceTree = BUILT_PRODUCTS_DIR; };
		397AF8231A021D36004F904A /* Info.plist */ = {isa = PBXFileReference; lastKnownFileType = text.plist.xml; path = Info.plist; sourceTree = "<group>"; };
		397AF8241A021D36004F904A /* LookHereTests.m */ = {isa = PBXFileReference; lastKnownFileType = sourcecode.c.objc; path = LookHereTests.m; sourceTree = "<group>"; };
/* End PBXFileReference section */

/* Begin PBXFrameworksBuildPhase section */
		397AF8021A021D36004F904A /* Frameworks */ = {
			isa = PBXFrameworksBuildPhase;
			buildActionMask = 2147483647;
			files = (
			);
			runOnlyForDeploymentPostprocessing = 0;
		};
		397AF81B1A021D36004F904A /* Frameworks */ = {
			isa = PBXFrameworksBuildPhase;
			buildActionMask = 2147483647;
			files = (
			);
			runOnlyForDeploymentPostprocessing = 0;
		};
/* End PBXFrameworksBuildPhase section */

/* Begin PBXGroup section */
		397AF7FC1A021D36004F904A = {
			isa = PBXGroup;
			children = (
				397AF8071A021D36004F904A /* LookHere */,
				397AF8211A021D36004F904A /* LookHereTests */,
				397AF8061A021D36004F904A /* Products */,
			);
			sourceTree = "<group>";
		};
		397AF8061A021D36004F904A /* Products */ = {
			isa = PBXGroup;
			children = (
				397AF8051A021D36004F904A /* LookHere.app */,
				397AF81E1A021D36004F904A /* LookHereTests.xctest */,
			);
			name = Products;
			sourceTree = "<group>";
		};
		397AF8071A021D36004F904A /* LookHere */ = {
			isa = PBXGroup;
			children = (
				397AF80C1A021D36004F904A /* AppDelegate.h */,
				397AF80D1A021D36004F904A /* AppDelegate.m */,
				397AF80F1A021D36004F904A /* ViewController.h */,
				397AF8101A021D36004F904A /* ViewController.m */,
				397AF8121A021D36004F904A /* Main.storyboard */,
				397AF8151A021D36004F904A /* Images.xcassets */,
				397AF8171A021D36004F904A /* LaunchScreen.xib */,
				397AF8081A021D36004F904A /* Supporting Files */,
			);
			path = LookHere;
			sourceTree = "<group>";
		};
		397AF8081A021D36004F904A /* Supporting Files */ = {
			isa = PBXGroup;
			children = (
				397AF8091A021D36004F904A /* Info.plist */,
				397AF80A1A021D36004F904A /* main.m */,
			);
			name = "Supporting Files";
			sourceTree = "<group>";
		};
		397AF8211A021D36004F904A /* LookHereTests */ = {
			isa = PBXGroup;
			children = (
				397AF8241A021D36004F904A /* LookHereTests.m */,
				397AF8221A021D36004F904A /* Supporting Files */,
			);
			path = LookHereTests;
			sourceTree = "<group>";
		};
		397AF8221A021D36004F904A /* Supporting Files */ = {
			isa = PBXGroup;
			children = (
				397AF8231A021D36004F904A /* Info.plist */,
			);
			name = "Supporting Files";
			sourceTree = "<group>";
		};
/* End PBXGroup section */

/* Begin PBXNativeTarget section */
		397AF8041A021D36004F904A /* LookHere */ = {
			isa = PBXNativeTarget;
			buildConfigurationList = 397AF8281A021D36004F904A /* Build configuration list for PBXNativeTarget "LookHere" */;
			buildPhases = (
				397AF8011A021D36004F904A /* Sources */,
				397AF8021A021D36004F904A /* Frameworks */,
				397AF8031A021D36004F904A /* Resources */,
			);
			buildRules = (
			);
			dependencies = (
			);
			name = LookHere;
			productName = LookHere;
			productReference = 397AF8051A021D36004F904A /* LookHere.app */;
			productType = "com.apple.product-type.application";
		};
		397AF81D1A021D36004F904A /* LookHereTests */ = {
			isa = PBXNativeTarget;
			buildConfigurationList = 397AF82B1A021D36004F904A /* Build configuration list for PBXNativeTarget "LookHereTests" */;
			buildPhases = (
				397AF81A1A021D36004F904A /* Sources */,
				397AF81B1A021D36004F904A /* Frameworks */,
				397AF81C1A021D36004F904A /* Resources */,
			);
			buildRules = (
			);
			dependencies = (
				397AF8201A021D36004F904A /* PBXTargetDependency */,
			);
			name = LookHereTests;
			productName = LookHereTests;
			productReference = 397AF81E1A021D36004F904A /* LookHereTests.xctest */;
			productType = "com.apple.product-type.bundle.unit-test";
		};
/* End PBXNativeTarget section */

/* Begin PBXProject section */
		397AF7FD1A021D36004F904A /* Project object */ = {
			isa = PBXProject;
			attributes = {
				LastUpgradeCheck = 0610;
				ORGANIZATIONNAME = codeall;
				TargetAttributes = {
					397AF8041A021D36004F904A = {
						CreatedOnToolsVersion = 6.1;
					};
					397AF81D1A021D36004F904A = {
						CreatedOnToolsVersion = 6.1;
						TestTargetID = 397AF8041A021D36004F904A;
					};
				};
			};
			buildConfigurationList = 397AF8001A021D36004F904A /* Build configuration list for PBXProject "LookHere" */;
			compatibilityVersion = "Xcode 3.2";
			developmentRegion = English;
			hasScannedForEncodings = 0;
			knownRegions = (
				en,
				Base,
			);
			mainGroup = 397AF7FC1A021D36004F904A;
			productRefGroup = 397AF8061A021D36004F904A /* Products */;
			projectDirPath = "";
			projectRoot = "";
			targets = (
				397AF8041A021D36004F904A /* LookHere */,
				397AF81D1A021D36004F904A /* LookHereTests */,
			);
		};
/* End PBXProject section */

/* Begin PBXResourcesBuildPhase section */
		397AF8031A021D36004F904A /* Resources */ = {
			isa = PBXResourcesBuildPhase;
			buildActionMask = 2147483647;
			files = (
				397AF8141A021D36004F904A /* Main.storyboard in Resources */,
				397AF8191A021D36004F904A /* LaunchScreen.xib in Resources */,
				397AF8161A021D36004F904A /* Images.xcassets in Resources */,
			);
			runOnlyForDeploymentPostprocessing = 0;
		};
		397AF81C1A021D36004F904A /* Resources */ = {
			isa = PBXResourcesBuildPhase;
			buildActionMask = 2147483647;
			files = (
			);
			runOnlyForDeploymentPostprocessing = 0;
		};
/* End PBXResourcesBuildPhase section */

/* Begin PBXSourcesBuildPhase section */
		397AF8011A021D36004F904A /* Sources */ = {
			isa = PBXSourcesBuildPhase;
			buildActionMask = 2147483647;
			files = (
				397AF8111A021D36004F904A /* ViewController.m in Sources */,
				397AF80E1A021D36004F904A /* AppDelegate.m in Sources */,
				397AF80B1A021D36004F904A /* main.m in Sources */,
			);
			runOnlyForDeploymentPostprocessing = 0;
		};
		397AF81A1A021D36004F904A /* Sources */ = {
			isa = PBXSourcesBuildPhase;
			buildActionMask = 2147483647;
			files = (
				397AF8251A021D36004F904A /* LookHereTests.m in Sources */,
			);
			runOnlyForDeploymentPostprocessing = 0;
		};
/* End PBXSourcesBuildPhase section */

/* Begin PBXTargetDependency section */
		397AF8201A021D36004F904A /* PBXTargetDependency */ = {
			isa = PBXTargetDependency;
			target = 397AF8041A021D36004F904A /* LookHere */;
			targetProxy = 397AF81F1A021D36004F904A /* PBXContainerItemProxy */;
		};
/* End PBXTargetDependency section */

/* Begin PBXVariantGroup section */
		397AF8121A021D36004F904A /* Main.storyboard */ = {
			isa = PBXVariantGroup;
			children = (
				397AF8131A021D36004F904A /* Base */,
			);
			name = Main.storyboard;
			sourceTree = "<group>";
		};
		397AF8171A021D36004F904A /* LaunchScreen.xib */ = {
			isa = PBXVariantGroup;
			children = (
				397AF8181A021D36004F904A /* Base */,
			);
			name = LaunchScreen.xib;
			sourceTree = "<group>";
		};
/* End PBXVariantGroup section */

/* Begin XCBuildConfiguration section */
		397AF8261A021D36004F904A /* Debug */ = {
			isa = XCBuildConfiguration;
			buildSettings = {
				ALWAYS_SEARCH_USER_PATHS = NO;
				CLANG_CXX_LANGUAGE_STANDARD = "gnu++0x";
				CLANG_CXX_LIBRARY = "libc++";
				CLANG_ENABLE_MODULES = YES;
				CLANG_ENABLE_OBJC_ARC = YES;
				CLANG_WARN_BOOL_CONVERSION = YES;
				CLANG_WARN_CONSTANT_CONVERSION = YES;
				CLANG_WARN_DIRECT_OBJC_ISA_USAGE = YES_ERROR;
				CLANG_WARN_EMPTY_BODY = YES;
				CLANG_WARN_ENUM_CONVERSION = YES;
				CLANG_WARN_INT_CONVERSION = YES;
				CLANG_WARN_OBJC_ROOT_CLASS = YES_ERROR;
				CLANG_WARN_UNREACHABLE_CODE = YES;
				CLANG_WARN__DUPLICATE_METHOD_MATCH = YES;
				"CODE_SIGN_IDENTITY[sdk=iphoneos*]" = "iPhone Developer";
				COPY_PHASE_STRIP = NO;
				ENABLE_STRICT_OBJC_MSGSEND = YES;
				GCC_C_LANGUAGE_STANDARD = gnu99;
				GCC_DYNAMIC_NO_PIC = NO;
				GCC_OPTIMIZATION_LEVEL = 0;
				GCC_PREPROCESSOR_DEFINITIONS = (
					"DEBUG=1",
					"$(inherited)",
				);
				GCC_SYMBOLS_PRIVATE_EXTERN = NO;
				GCC_WARN_64_TO_32_BIT_CONVERSION = YES;
				GCC_WARN_ABOUT_RETURN_TYPE = YES_ERROR;
				GCC_WARN_UNDECLARED_SELECTOR = YES;
				GCC_WARN_UNINITIALIZED_AUTOS = YES_AGGRESSIVE;
				GCC_WARN_UNUSED_FUNCTION = YES;
				GCC_WARN_UNUSED_VARIABLE = YES;
				IPHONEOS_DEPLOYMENT_TARGET = 8.1;
				MTL_ENABLE_DEBUG_INFO = YES;
				ONLY_ACTIVE_ARCH = YES;
				SDKROOT = iphoneos;
				TARGETED_DEVICE_FAMILY = "1,2";
			};
			name = Debug;
		};
		397AF8271A021D36004F904A /* Release */ = {
			isa = XCBuildConfiguration;
			buildSettings = {
				ALWAYS_SEARCH_USER_PATHS = NO;
				CLANG_CXX_LANGUAGE_STANDARD = "gnu++0x";
				CLANG_CXX_LIBRARY = "libc++";
				CLANG_ENABLE_MODULES = YES;
				CLANG_ENABLE_OBJC_ARC = YES;
				CLANG_WARN_BOOL_CONVERSION = YES;
				CLANG_WARN_CONSTANT_CONVERSION = YES;
				CLANG_WARN_DIRECT_OBJC_ISA_USAGE = YES_ERROR;
				CLANG_WARN_EMPTY_BODY = YES;
				CLANG_WARN_ENUM_CONVERSION = YES;
				CLANG_WARN_INT_CONVERSION = YES;
				CLANG_WARN_OBJC_ROOT_CLASS = YES_ERROR;
				CLANG_WARN_UNREACHABLE_CODE = YES;
				CLANG_WARN__DUPLICATE_METHOD_MATCH = YES;
				"CODE_SIGN_IDENTITY[sdk=iphoneos*]" = "iPhone Developer";
				COPY_PHASE_STRIP = YES;
				ENABLE_NS_ASSERTIONS = NO;
				ENABLE_STRICT_OBJC_MSGSEND = YES;
				GCC_C_LANGUAGE_STANDARD = gnu99;
				GCC_WARN_64_TO_32_BIT_CONVERSION = YES;
				GCC_WARN_ABOUT_RETURN_TYPE = YES_ERROR;
				GCC_WARN_UNDECLARED_SELECTOR = YES;
				GCC_WARN_UNINITIALIZED_AUTOS = YES_AGGRESSIVE;
				GCC_WARN_UNUSED_FUNCTION = YES;
				GCC_WARN_UNUSED_VARIABLE = YES;
				IPHONEOS_DEPLOYMENT_TARGET = 8.1;
				MTL_ENABLE_DEBUG_INFO = NO;
				SDKROOT = iphoneos;
				TARGETED_DEVICE_FAMILY = "1,2";
				VALIDATE_PRODUCT = YES;
			};
			name = Release;
		};
		397AF8291A021D36004F904A /* Debug */ = {
			isa = XCBuildConfiguration;
			buildSettings = {
				ASSETCATALOG_COMPILER_APPICON_NAME = AppIcon;
				INFOPLIST_FILE = LookHere/Info.plist;
				LD_RUNPATH_SEARCH_PATHS = "$(inherited) @executable_path/Frameworks";
				PRODUCT_NAME = "$(TARGET_NAME)";
			};
			name = Debug;
		};
		397AF82A1A021D36004F904A /* Release */ = {
			isa = XCBuildConfiguration;
			buildSettings = {
				ASSETCATALOG_COMPILER_APPICON_NAME = AppIcon;
				INFOPLIST_FILE = LookHere/Info.plist;
				LD_RUNPATH_SEARCH_PATHS = "$(inherited) @executable_path/Frameworks";
				PRODUCT_NAME = "$(TARGET_NAME)";
			};
			name = Release;
		};
		397AF82C1A021D36004F904A /* Debug */ = {
			isa = XCBuildConfiguration;
			buildSettings = {
				BUNDLE_LOADER = "$(TEST_HOST)";
				FRAMEWORK_SEARCH_PATHS = (
					"$(SDKROOT)/Developer/Library/Frameworks",
					"$(inherited)",
				);
				GCC_PREPROCESSOR_DEFINITIONS = (
					"DEBUG=1",
					"$(inherited)",
				);
				INFOPLIST_FILE = LookHereTests/Info.plist;
				LD_RUNPATH_SEARCH_PATHS = "$(inherited) @executable_path/Frameworks @loader_path/Frameworks";
				PRODUCT_NAME = "$(TARGET_NAME)";
				TEST_HOST = "$(BUILT_PRODUCTS_DIR)/LookHere.app/LookHere";
			};
			name = Debug;
		};
		397AF82D1A021D36004F904A /* Release */ = {
			isa = XCBuildConfiguration;
			buildSettings = {
				BUNDLE_LOADER = "$(TEST_HOST)";
				FRAMEWORK_SEARCH_PATHS = (
					"$(SDKROOT)/Developer/Library/Frameworks",
					"$(inherited)",
				);
				INFOPLIST_FILE = LookHereTests/Info.plist;
				LD_RUNPATH_SEARCH_PATHS = "$(inherited) @executable_path/Frameworks @loader_path/Frameworks";
				PRODUCT_NAME = "$(TARGET_NAME)";
				TEST_HOST = "$(BUILT_PRODUCTS_DIR)/LookHere.app/LookHere";
			};
			name = Release;
		};
/* End XCBuildConfiguration section */

/* Begin XCConfigurationList section */
		397AF8001A021D36004F904A /* Build configuration list for PBXProject "LookHere" */ = {
			isa = XCConfigurationList;
			buildConfigurations = (
				397AF8261A021D36004F904A /* Debug */,
				397AF8271A021D36004F904A /* Release */,
			);
			defaultConfigurationIsVisible = 0;
			defaultConfigurationName = Release;
		};
		397AF8281A021D36004F904A /* Build configuration list for PBXNativeTarget "LookHere" */ = {
			isa = XCConfigurationList;
			buildConfigurations = (
				397AF8291A021D36004F904A /* Debug */,
				397AF82A1A021D36004F904A /* Release */,
			);
			defaultConfigurationIsVisible = 0;
		};
		397AF82B1A021D36004F904A /* Build configuration list for PBXNativeTarget "LookHereTests" */ = {
			isa = XCConfigurationList;
			buildConfigurations = (
				397AF82C1A021D36004F904A /* Debug */,
				397AF82D1A021D36004F904A /* Release */,
			);
			defaultConfigurationIsVisible = 0;
		};
/* End XCConfigurationList section */
	};
	rootObject = 397AF7FD1A021D36004F904A /* Project object */;
}
